// !$*UTF8*$!
{
	archiveVersion = 1;
	classes = {
	};
	objectVersion = 46;
	objects = {

/* Begin PBXBuildFile section */
		89C337541B21A5D000104238 /* PictureCollectionViewCell.m in Sources */ = {isa = PBXBuildFile; fileRef = 89C337521B21A5D000104238 /* PictureCollectionViewCell.m */; };
		89C337551B21A5D000104238 /* PictureCollectionViewCell.xib in Resources */ = {isa = PBXBuildFile; fileRef = 89C337531B21A5D000104238 /* PictureCollectionViewCell.xib */; };
		89C337571B21A88E00104238 /* search.jpg in Resources */ = {isa = PBXBuildFile; fileRef = 89C337561B21A88E00104238 /* search.jpg */; };
		89DC420C1B1C6457008249FF /* main.m in Sources */ = {isa = PBXBuildFile; fileRef = 89DC420B1B1C6457008249FF /* main.m */; };
		89DC420F1B1C6457008249FF /* AppDelegate.m in Sources */ = {isa = PBXBuildFile; fileRef = 89DC420E1B1C6457008249FF /* AppDelegate.m */; };
		89DC42121B1C6457008249FF /* ViewController.m in Sources */ = {isa = PBXBuildFile; fileRef = 89DC42111B1C6457008249FF /* ViewController.m */; };
		89DC42151B1C6457008249FF /* Main.storyboard in Resources */ = {isa = PBXBuildFile; fileRef = 89DC42131B1C6457008249FF /* Main.storyboard */; };
		89DC42171B1C6457008249FF /* Images.xcassets in Resources */ = {isa = PBXBuildFile; fileRef = 89DC42161B1C6457008249FF /* Images.xcassets */; };
		89DC421A1B1C6457008249FF /* LaunchScreen.xib in Resources */ = {isa = PBXBuildFile; fileRef = 89DC42181B1C6457008249FF /* LaunchScreen.xib */; };
		89DC42261B1C6457008249FF /* PostFormSampleTests.m in Sources */ = {isa = PBXBuildFile; fileRef = 89DC42251B1C6457008249FF /* PostFormSampleTests.m */; };
/* End PBXBuildFile section */

/* Begin PBXContainerItemProxy section */
		89DC42201B1C6457008249FF /* PBXContainerItemProxy */ = {
			isa = PBXContainerItemProxy;
			containerPortal = 89DC41FE1B1C6457008249FF /* Project object */;
			proxyType = 1;
			remoteGlobalIDString = 89DC42051B1C6457008249FF;
			remoteInfo = PostFormSample;
		};
/* End PBXContainerItemProxy section */

/* Begin PBXFileReference section */
		89C337511B21A5D000104238 /* PictureCollectionViewCell.h */ = {isa = PBXFileReference; fileEncoding = 4; lastKnownFileType = sourcecode.c.h; path = PictureCollectionViewCell.h; sourceTree = "<group>"; };
		89C337521B21A5D000104238 /* PictureCollectionViewCell.m */ = {isa = PBXFileReference; fileEncoding = 4; lastKnownFileType = sourcecode.c.objc; path = PictureCollectionViewCell.m; sourceTree = "<group>"; };
		89C337531B21A5D000104238 /* PictureCollectionViewCell.xib */ = {isa = PBXFileReference; fileEncoding = 4; lastKnownFileType = file.xib; path = PictureCollectionViewCell.xib; sourceTree = "<group>"; };
		89C337561B21A88E00104238 /* search.jpg */ = {isa = PBXFileReference; lastKnownFileType = image.jpeg; path = search.jpg; sourceTree = "<group>"; };
		89DC42061B1C6457008249FF /* PostFormSample.app */ = {isa = PBXFileReference; explicitFileType = wrapper.application; includeInIndex = 0; path = PostFormSample.app; sourceTree = BUILT_PRODUCTS_DIR; };
		89DC420A1B1C6457008249FF /* Info.plist */ = {isa = PBXFileReference; lastKnownFileType = text.plist.xml; path = Info.plist; sourceTree = "<group>"; };
		89DC420B1B1C6457008249FF /* main.m */ = {isa = PBXFileReference; lastKnownFileType = sourcecode.c.objc; path = main.m; sourceTree = "<group>"; };
		89DC420D1B1C6457008249FF /* AppDelegate.h */ = {isa = PBXFileReference; lastKnownFileType = sourcecode.c.h; path = AppDelegate.h; sourceTree = "<group>"; };
		89DC420E1B1C6457008249FF /* AppDelegate.m */ = {isa = PBXFileReference; lastKnownFileType = sourcecode.c.objc; path = AppDelegate.m; sourceTree = "<group>"; };
		89DC42101B1C6457008249FF /* ViewController.h */ = {isa = PBXFileReference; lastKnownFileType = sourcecode.c.h; path = ViewController.h; sourceTree = "<group>"; };
		89DC42111B1C6457008249FF /* ViewController.m */ = {isa = PBXFileReference; lastKnownFileType = sourcecode.c.objc; path = ViewController.m; sourceTree = "<group>"; };
		89DC42141B1C6457008249FF /* Base */ = {isa = PBXFileReference; lastKnownFileType = file.storyboard; name = Base; path = Base.lproj/Main.storyboard; sourceTree = "<group>"; };
		89DC42161B1C6457008249FF /* Images.xcassets */ = {isa = PBXFileReference; lastKnownFileType = folder.assetcatalog; path = Images.xcassets; sourceTree = "<group>"; };
		89DC42191B1C6457008249FF /* Base */ = {isa = PBXFileReference; lastKnownFileType = file.xib; name = Base; path = Base.lproj/LaunchScreen.xib; sourceTree = "<group>"; };
		89DC421F1B1C6457008249FF /* PostFormSampleTests.xctest */ = {isa = PBXFileReference; explicitFileType = wrapper.cfbundle; includeInIndex = 0; path = PostFormSampleTests.xctest; sourceTree = BUILT_PRODUCTS_DIR; };
		89DC42241B1C6457008249FF /* Info.plist */ = {isa = PBXFileReference; lastKnownFileType = text.plist.xml; path = Info.plist; sourceTree = "<group>"; };
		89DC42251B1C6457008249FF /* PostFormSampleTests.m */ = {isa = PBXFileReference; lastKnownFileType = sourcecode.c.objc; path = PostFormSampleTests.m; sourceTree = "<group>"; };
/* End PBXFileReference section */

/* Begin PBXFrameworksBuildPhase section */
		89DC42031B1C6457008249FF /* Frameworks */ = {
			isa = PBXFrameworksBuildPhase;
			buildActionMask = 2147483647;
			files = (
			);
			runOnlyForDeploymentPostprocessing = 0;
		};
		89DC421C1B1C6457008249FF /* Frameworks */ = {
			isa = PBXFrameworksBuildPhase;
			buildActionMask = 2147483647;
			files = (
			);
			runOnlyForDeploymentPostprocessing = 0;
		};
/* End PBXFrameworksBuildPhase section */

/* Begin PBXGroup section */
		89C337441B21841F00104238 /* Tutorial1 */ = {
			isa = PBXGroup;
			children = (
				89C337511B21A5D000104238 /* PictureCollectionViewCell.h */,
				89C337521B21A5D000104238 /* PictureCollectionViewCell.m */,
				89C337531B21A5D000104238 /* PictureCollectionViewCell.xib */,
			);
			name = Tutorial1;
			sourceTree = "<group>";
		};
		89DC41FD1B1C6457008249FF = {
			isa = PBXGroup;
			children = (
				89DC42081B1C6457008249FF /* PostFormSample */,
				89DC42221B1C6457008249FF /* PostFormSampleTests */,
				89DC42071B1C6457008249FF /* Products */,
			);
			sourceTree = "<group>";
		};
		89DC42071B1C6457008249FF /* Products */ = {
			isa = PBXGroup;
			children = (
				89DC42061B1C6457008249FF /* PostFormSample.app */,
				89DC421F1B1C6457008249FF /* PostFormSampleTests.xctest */,
			);
			name = Products;
			sourceTree = "<group>";
		};
		89DC42081B1C6457008249FF /* PostFormSample */ = {
			isa = PBXGroup;
			children = (
				89C337441B21841F00104238 /* Tutorial1 */,
				89DC420D1B1C6457008249FF /* AppDelegate.h */,
				89DC420E1B1C6457008249FF /* AppDelegate.m */,
				89DC42101B1C6457008249FF /* ViewController.h */,
				89DC42111B1C6457008249FF /* ViewController.m */,
				89DC42131B1C6457008249FF /* Main.storyboard */,
				89DC42161B1C6457008249FF /* Images.xcassets */,
				89DC42181B1C6457008249FF /* LaunchScreen.xib */,
				89C337561B21A88E00104238 /* search.jpg */,
				89DC42091B1C6457008249FF /* Supporting Files */,
			);
			path = PostFormSample;
			sourceTree = "<group>";
		};
		89DC42091B1C6457008249FF /* Supporting Files */ = {
			isa = PBXGroup;
			children = (
				89DC420A1B1C6457008249FF /* Info.plist */,
				89DC420B1B1C6457008249FF /* main.m */,
			);
			name = "Supporting Files";
			sourceTree = "<group>";
		};
		89DC42221B1C6457008249FF /* PostFormSampleTests */ = {
			isa = PBXGroup;
			children = (
				89DC42251B1C6457008249FF /* PostFormSampleTests.m */,
				89DC42231B1C6457008249FF /* Supporting Files */,
			);
			path = PostFormSampleTests;
			sourceTree = "<group>";
		};
		89DC42231B1C6457008249FF /* Supporting Files */ = {
			isa = PBXGroup;
			children = (
				89DC42241B1C6457008249FF /* Info.plist */,
			);
			name = "Supporting Files";
			sourceTree = "<group>";
		};
/* End PBXGroup section */

/* Begin PBXNativeTarget section */
		89DC42051B1C6457008249FF /* PostFormSample */ = {
			isa = PBXNativeTarget;
			buildConfigurationList = 89DC42291B1C6457008249FF /* Build configuration list for PBXNativeTarget "PostFormSample" */;
			buildPhases = (
				89DC42021B1C6457008249FF /* Sources */,
				89DC42031B1C6457008249FF /* Frameworks */,
				89DC42041B1C6457008249FF /* Resources */,
			);
			buildRules = (
			);
			dependencies = (
			);
			name = PostFormSample;
			productName = PostFormSample;
			productReference = 89DC42061B1C6457008249FF /* PostFormSample.app */;
			productType = "com.apple.product-type.application";
		};
		89DC421E1B1C6457008249FF /* PostFormSampleTests */ = {
			isa = PBXNativeTarget;
			buildConfigurationList = 89DC422C1B1C6457008249FF /* Build configuration list for PBXNativeTarget "PostFormSampleTests" */;
			buildPhases = (
				89DC421B1B1C6457008249FF /* Sources */,
				89DC421C1B1C6457008249FF /* Frameworks */,
				89DC421D1B1C6457008249FF /* Resources */,
			);
			buildRules = (
			);
			dependencies = (
				89DC42211B1C6457008249FF /* PBXTargetDependency */,
			);
			name = PostFormSampleTests;
			productName = PostFormSampleTests;
			productReference = 89DC421F1B1C6457008249FF /* PostFormSampleTests.xctest */;
			productType = "com.apple.product-type.bundle.unit-test";
		};
/* End PBXNativeTarget section */

/* Begin PBXProject section */
		89DC41FE1B1C6457008249FF /* Project object */ = {
			isa = PBXProject;
			attributes = {
				LastUpgradeCheck = 0630;
				ORGANIZATIONNAME = hothead;
				TargetAttributes = {
					89DC42051B1C6457008249FF = {
						CreatedOnToolsVersion = 6.3.2;
					};
					89DC421E1B1C6457008249FF = {
						CreatedOnToolsVersion = 6.3.2;
						TestTargetID = 89DC42051B1C6457008249FF;
					};
				};
			};
			buildConfigurationList = 89DC42011B1C6457008249FF /* Build configuration list for PBXProject "PostFormSample" */;
			compatibilityVersion = "Xcode 3.2";
			developmentRegion = English;
			hasScannedForEncodings = 0;
			knownRegions = (
				en,
				Base,
			);
			mainGroup = 89DC41FD1B1C6457008249FF;
			productRefGroup = 89DC42071B1C6457008249FF /* Products */;
			projectDirPath = "";
			projectRoot = "";
			targets = (
				89DC42051B1C6457008249FF /* PostFormSample */,
				89DC421E1B1C6457008249FF /* PostFormSampleTests */,
			);
		};
/* End PBXProject section */

/* Begin PBXResourcesBuildPhase section */
		89DC42041B1C6457008249FF /* Resources */ = {
			isa = PBXResourcesBuildPhase;
			buildActionMask = 2147483647;
			files = (
				89C337571B21A88E00104238 /* search.jpg in Resources */,
				89DC42151B1C6457008249FF /* Main.storyboard in Resources */,
				89DC421A1B1C6457008249FF /* LaunchScreen.xib in Resources */,
				89DC42171B1C6457008249FF /* Images.xcassets in Resources */,
				89C337551B21A5D000104238 /* PictureCollectionViewCell.xib in Resources */,
			);
			runOnlyForDeploymentPostprocessing = 0;
		};
		89DC421D1B1C6457008249FF /* Resources */ = {
			isa = PBXResourcesBuildPhase;
			buildActionMask = 2147483647;
			files = (
			);
			runOnlyForDeploymentPostprocessing = 0;
		};
/* End PBXResourcesBuildPhase section */

/* Begin PBXSourcesBuildPhase section */
		89DC42021B1C6457008249FF /* Sources */ = {
			isa = PBXSourcesBuildPhase;
			buildActionMask = 2147483647;
			files = (
				89DC42121B1C6457008249FF /* ViewController.m in Sources */,
				89C337541B21A5D000104238 /* PictureCollectionViewCell.m in Sources */,
				89DC420F1B1C6457008249FF /* AppDelegate.m in Sources */,
				89DC420C1B1C6457008249FF /* main.m in Sources */,
			);
			runOnlyForDeploymentPostprocessing = 0;
		};
		89DC421B1B1C6457008249FF /* Sources */ = {
			isa = PBXSourcesBuildPhase;
			buildActionMask = 2147483647;
			files = (
				89DC42261B1C6457008249FF /* PostFormSampleTests.m in Sources */,
			);
			runOnlyForDeploymentPostprocessing = 0;
		};
/* End PBXSourcesBuildPhase section */

/* Begin PBXTargetDependency section */
		89DC42211B1C6457008249FF /* PBXTargetDependency */ = {
			isa = PBXTargetDependency;
			target = 89DC42051B1C6457008249FF /* PostFormSample */;
			targetProxy = 89DC42201B1C6457008249FF /* PBXContainerItemProxy */;
		};
/* End PBXTargetDependency section */

/* Begin PBXVariantGroup section */
		89DC42131B1C6457008249FF /* Main.storyboard */ = {
			isa = PBXVariantGroup;
			children = (
				89DC42141B1C6457008249FF /* Base */,
			);
			name = Main.storyboard;
			sourceTree = "<group>";
		};
		89DC42181B1C6457008249FF /* LaunchScreen.xib */ = {
			isa = PBXVariantGroup;
			children = (
				89DC42191B1C6457008249FF /* Base */,
			);
			name = LaunchScreen.xib;
			sourceTree = "<group>";
		};
/* End PBXVariantGroup section */

/* Begin XCBuildConfiguration section */
		89DC42271B1C6457008249FF /* Debug */ = {
			isa = XCBuildConfiguration;
			buildSettings = {
				ALWAYS_SEARCH_USER_PATHS = NO;
				CLANG_CXX_LANGUAGE_STANDARD = "gnu++0x";
				CLANG_CXX_LIBRARY = "libc++";
				CLANG_ENABLE_MODULES = YES;
				CLANG_ENABLE_OBJC_ARC = YES;
				CLANG_WARN_BOOL_CONVERSION = YES;
				CLANG_WARN_CONSTANT_CONVERSION = YES;
				CLANG_WARN_DIRECT_OBJC_ISA_USAGE = YES_ERROR;
				CLANG_WARN_EMPTY_BODY = YES;
				CLANG_WARN_ENUM_CONVERSION = YES;
				CLANG_WARN_INT_CONVERSION = YES;
				CLANG_WARN_OBJC_ROOT_CLASS = YES_ERROR;
				CLANG_WARN_UNREACHABLE_CODE = YES;
				CLANG_WARN__DUPLICATE_METHOD_MATCH = YES;
				"CODE_SIGN_IDENTITY[sdk=iphoneos*]" = "iPhone Developer";
				COPY_PHASE_STRIP = NO;
				DEBUG_INFORMATION_FORMAT = "dwarf-with-dsym";
				ENABLE_STRICT_OBJC_MSGSEND = YES;
				GCC_C_LANGUAGE_STANDARD = gnu99;
				GCC_DYNAMIC_NO_PIC = NO;
				GCC_NO_COMMON_BLOCKS = YES;
				GCC_OPTIMIZATION_LEVEL = 0;
				GCC_PREPROCESSOR_DEFINITIONS = (
					"DEBUG=1",
					"$(inherited)",
				);
				GCC_SYMBOLS_PRIVATE_EXTERN = NO;
				GCC_WARN_64_TO_32_BIT_CONVERSION = YES;
				GCC_WARN_ABOUT_RETURN_TYPE = YES_ERROR;
				GCC_WARN_UNDECLARED_SELECTOR = YES;
				GCC_WARN_UNINITIALIZED_AUTOS = YES_AGGRESSIVE;
				GCC_WARN_UNUSED_FUNCTION = YES;
				GCC_WARN_UNUSED_VARIABLE = YES;
				IPHONEOS_DEPLOYMENT_TARGET = 8.3;
				MTL_ENABLE_DEBUG_INFO = YES;
				ONLY_ACTIVE_ARCH = YES;
				SDKROOT = iphoneos;
			};
			name = Debug;
		};
		89DC42281B1C6457008249FF /* Release */ = {
			isa = XCBuildConfiguration;
			buildSettings = {
				ALWAYS_SEARCH_USER_PATHS = NO;
				CLANG_CXX_LANGUAGE_STANDARD = "gnu++0x";
				CLANG_CXX_LIBRARY = "libc++";
				CLANG_ENABLE_MODULES = YES;
				CLANG_ENABLE_OBJC_ARC = YES;
				CLANG_WARN_BOOL_CONVERSION = YES;
				CLANG_WARN_CONSTANT_CONVERSION = YES;
				CLANG_WARN_DIRECT_OBJC_ISA_USAGE = YES_ERROR;
				CLANG_WARN_EMPTY_BODY = YES;
				CLANG_WARN_ENUM_CONVERSION = YES;
				CLANG_WARN_INT_CONVERSION = YES;
				CLANG_WARN_OBJC_ROOT_CLASS = YES_ERROR;
				CLANG_WARN_UNREACHABLE_CODE = YES;
				CLANG_WARN__DUPLICATE_METHOD_MATCH = YES;
				"CODE_SIGN_IDENTITY[sdk=iphoneos*]" = "iPhone Developer";
				COPY_PHASE_STRIP = NO;
				DEBUG_INFORMATION_FORMAT = "dwarf-with-dsym";
				ENABLE_NS_ASSERTIONS = NO;
				ENABLE_STRICT_OBJC_MSGSEND = YES;
				GCC_C_LANGUAGE_STANDARD = gnu99;
				GCC_NO_COMMON_BLOCKS = YES;
				GCC_WARN_64_TO_32_BIT_CONVERSION = YES;
				GCC_WARN_ABOUT_RETURN_TYPE = YES_ERROR;
				GCC_WARN_UNDECLARED_SELECTOR = YES;
				GCC_WARN_UNINITIALIZED_AUTOS = YES_AGGRESSIVE;
				GCC_WARN_UNUSED_FUNCTION = YES;
				GCC_WARN_UNUSED_VARIABLE = YES;
				IPHONEOS_DEPLOYMENT_TARGET = 8.3;
				MTL_ENABLE_DEBUG_INFO = NO;
				SDKROOT = iphoneos;
				VALIDATE_PRODUCT = YES;
			};
			name = Release;
		};
		89DC422A1B1C6457008249FF /* Debug */ = {
			isa = XCBuildConfiguration;
			buildSettings = {
				ASSETCATALOG_COMPILER_APPICON_NAME = AppIcon;
				INFOPLIST_FILE = PostFormSample/Info.plist;
				LD_RUNPATH_SEARCH_PATHS = "$(inherited) @executable_path/Frameworks";
				PRODUCT_NAME = "$(TARGET_NAME)";
			};
			name = Debug;
		};
		89DC422B1B1C6457008249FF /* Release */ = {
			isa = XCBuildConfiguration;
			buildSettings = {
				ASSETCATALOG_COMPILER_APPICON_NAME = AppIcon;
				INFOPLIST_FILE = PostFormSample/Info.plist;
				LD_RUNPATH_SEARCH_PATHS = "$(inherited) @executable_path/Frameworks";
				PRODUCT_NAME = "$(TARGET_NAME)";
			};
			name = Release;
		};
		89DC422D1B1C6457008249FF /* Debug */ = {
			isa = XCBuildConfiguration;
			buildSettings = {
				BUNDLE_LOADER = "$(TEST_HOST)";
				FRAMEWORK_SEARCH_PATHS = (
					"$(SDKROOT)/Developer/Library/Frameworks",
					"$(inherited)",
				);
				GCC_PREPROCESSOR_DEFINITIONS = (
					"DEBUG=1",
					"$(inherited)",
				);
				INFOPLIST_FILE = PostFormSampleTests/Info.plist;
				LD_RUNPATH_SEARCH_PATHS = "$(inherited) @executable_path/Frameworks @loader_path/Frameworks";
				PRODUCT_NAME = "$(TARGET_NAME)";
				TEST_HOST = "$(BUILT_PRODUCTS_DIR)/PostFormSample.app/PostFormSample";
			};
			name = Debug;
		};
		89DC422E1B1C6457008249FF /* Release */ = {
			isa = XCBuildConfiguration;
			buildSettings = {
				BUNDLE_LOADER = "$(TEST_HOST)";
				FRAMEWORK_SEARCH_PATHS = (
					"$(SDKROOT)/Developer/Library/Frameworks",
					"$(inherited)",
				);
				INFOPLIST_FILE = PostFormSampleTests/Info.plist;
				LD_RUNPATH_SEARCH_PATHS = "$(inherited) @executable_path/Frameworks @loader_path/Frameworks";
				PRODUCT_NAME = "$(TARGET_NAME)";
				TEST_HOST = "$(BUILT_PRODUCTS_DIR)/PostFormSample.app/PostFormSample";
			};
			name = Release;
		};
/* End XCBuildConfiguration section */

/* Begin XCConfigurationList section */
		89DC42011B1C6457008249FF /* Build configuration list for PBXProject "PostFormSample" */ = {
			isa = XCConfigurationList;
			buildConfigurations = (
				89DC42271B1C6457008249FF /* Debug */,
				89DC42281B1C6457008249FF /* Release */,
			);
			defaultConfigurationIsVisible = 0;
			defaultConfigurationName = Release;
		};
		89DC42291B1C6457008249FF /* Build configuration list for PBXNativeTarget "PostFormSample" */ = {
			isa = XCConfigurationList;
			buildConfigurations = (
				89DC422A1B1C6457008249FF /* Debug */,
				89DC422B1B1C6457008249FF /* Release */,
			);
			defaultConfigurationIsVisible = 0;
			defaultConfigurationName = Release;
		};
		89DC422C1B1C6457008249FF /* Build configuration list for PBXNativeTarget "PostFormSampleTests" */ = {
			isa = XCConfigurationList;
			buildConfigurations = (
				89DC422D1B1C6457008249FF /* Debug */,
				89DC422E1B1C6457008249FF /* Release */,
			);
			defaultConfigurationIsVisible = 0;
			defaultConfigurationName = Release;
		};
/* End XCConfigurationList section */
	};
	rootObject = 89DC41FE1B1C6457008249FF /* Project object */;
}
